schema: '2.0'
stages:
  data_ingestion:
    cmd: python src/data_ingestion.py
    deps:
    - path: src/data_ingestion.py
      hash: md5
      md5: 4159b06d97e719a53663ea448c81035d
      size: 5157
    params:
      params.yaml:
        data_ingestion.test_size: 0.25
    outs:
    - path: data/raw
      hash: md5
      md5: 04dd235295cb72c313e376c794dbd399.dir
      size: 484846
      nfiles: 2
  data_preprocessing:
    cmd: python src/data_preprocessing.py
    deps:
    - path: data/raw
      hash: md5
      md5: 04dd235295cb72c313e376c794dbd399.dir
      size: 484846
      nfiles: 2
    - path: src/data_preprocessing.py
      hash: md5
      md5: b2fe3ef52cd92adcb2a3d50970b91861
      size: 4049
    outs:
    - path: data/interim
      hash: md5
      md5: a93065f5a2727e5e7dd327b4604144d5.dir
      size: 261440
      nfiles: 2
  feature_engineering:
    cmd: python src/feature_engineering.py
    deps:
    - path: data/interim
      hash: md5
      md5: a93065f5a2727e5e7dd327b4604144d5.dir
      size: 261440
      nfiles: 2
    - path: src/feature_engineering.py
      hash: md5
      md5: edb15be98169002ad13c15514e6413ed
      size: 3914
    params:
      params.yaml:
        feature_engineering.max_features: 60
    outs:
    - path: data/processed
      hash: md5
      md5: e3ea436e7d6f1dcfe471e26785c9782b.dir
      size: 1412582
      nfiles: 2
  model_training:
    cmd: python src/model_training.py
    deps:
    - path: data/processed
      hash: md5
      md5: e3ea436e7d6f1dcfe471e26785c9782b.dir
      size: 1412582
      nfiles: 2
    - path: src/model_training.py
      hash: md5
      md5: d394476f513ab9a3b935f780b3905980
      size: 4582
    params:
      params.yaml:
        model_training.n_estimators: 200
        model_training.random_state: 20
    outs:
    - path: models/model.pkl
      hash: md5
      md5: 2a80a53acb5199326064b7ba93dadda8
      size: 8668732
  model_evaluation:
    cmd: python src/model_evaluation.py
    deps:
    - path: models/model.pkl
      hash: md5
      md5: 2a80a53acb5199326064b7ba93dadda8
      size: 8668732
    - path: src/model_evaluation.py
      hash: md5
      md5: b0283b22b2ba6b0cab7cf6cfac4ca7a4
      size: 4608
    outs:
    - path: reports/metrics.json
      hash: md5
      md5: e4ce795a3ca11bcc660d5e6afd1f1e04
      size: 145
