schema: '2.0'
stages:
  data_ingestion:
    cmd: python src/data_ingestion.py
    deps:
    - path: src/data_ingestion.py
      hash: md5
      md5: 4159b06d97e719a53663ea448c81035d
      size: 5157
    params:
      params.yaml:
        data_ingestion.test_size: 0.3
    outs:
    - path: data/raw
      hash: md5
      md5: d26befd2dda9438254177d9000d9ba1f.dir
      size: 484846
      nfiles: 2
  data_preprocessing:
    cmd: python src/data_preprocessing.py
    deps:
    - path: data/raw
      hash: md5
      md5: d26befd2dda9438254177d9000d9ba1f.dir
      size: 484846
      nfiles: 2
    - path: src/data_preprocessing.py
      hash: md5
      md5: b2fe3ef52cd92adcb2a3d50970b91861
      size: 4049
    outs:
    - path: data/interim
      hash: md5
      md5: 61ca13b2e20854a1f7bacbbcfeca409e.dir
      size: 262513
      nfiles: 2
  feature_engineering:
    cmd: python src/feature_engineering.py
    deps:
    - path: data/interim
      hash: md5
      md5: 61ca13b2e20854a1f7bacbbcfeca409e.dir
      size: 262513
      nfiles: 2
    - path: src/feature_engineering.py
      hash: md5
      md5: edb15be98169002ad13c15514e6413ed
      size: 3914
    params:
      params.yaml:
        feature_engineering.max_features: 40
    outs:
    - path: data/processed
      hash: md5
      md5: fe927cbe4eeda8dc5a4cddfa721af1e6.dir
      size: 957276
      nfiles: 2
  model_training:
    cmd: python src/model_training.py
    deps:
    - path: data/processed
      hash: md5
      md5: fe927cbe4eeda8dc5a4cddfa721af1e6.dir
      size: 957276
      nfiles: 2
    - path: src/model_training.py
      hash: md5
      md5: d394476f513ab9a3b935f780b3905980
      size: 4582
    params:
      params.yaml:
        model_training.n_estimators: 30
        model_training.random_state: 42
    outs:
    - path: models/model.pkl
      hash: md5
      md5: c61b5ba788ec3a77283323785d1da44c
      size: 903101
  model_evaluation:
    cmd: python src/model_evaluation.py
    deps:
    - path: models/model.pkl
      hash: md5
      md5: c61b5ba788ec3a77283323785d1da44c
      size: 903101
    - path: src/model_evaluation.py
      hash: md5
      md5: b823b4e855fbdfd7eff187382e6a4255
      size: 4641
    outs:
    - path: reports/metrics.json
      hash: md5
      md5: 540c2e232b55eff91ee6cc1de4c79584
      size: 145
